// !$*UTF8*$!
{
	archiveVersion = 1;
	classes = {
	};
	objectVersion = 51;
	objects = {

/* Begin PBXBuildFile section */
		84A43901E9C4AF45C7349F55 /* Pods_Shapr3DFileConverterExample.framework in Frameworks */ = {isa = PBXBuildFile; fileRef = F3BE0D0D9DCC06C73A3BB407 /* Pods_Shapr3DFileConverterExample.framework */; };
		BE167EAF24BCAB6F00DDBA1B /* DataManager.swift in Sources */ = {isa = PBXBuildFile; fileRef = BE167EAE24BCAB6F00DDBA1B /* DataManager.swift */; };
		BE167EB324BCAE5A00DDBA1B /* DataManager+FetchedResultsControllerDelegate.swift in Sources */ = {isa = PBXBuildFile; fileRef = BE167EB224BCAE5A00DDBA1B /* DataManager+FetchedResultsControllerDelegate.swift */; };
		BE167EB524BCB52C00DDBA1B /* ColorUtilities.swift in Sources */ = {isa = PBXBuildFile; fileRef = BE167EB424BCB52C00DDBA1B /* ColorUtilities.swift */; };
		BEB49F1F24BD99CE009E9133 /* ConvertQueueTests.swift in Sources */ = {isa = PBXBuildFile; fileRef = BEB49F1E24BD99CE009E9133 /* ConvertQueueTests.swift */; };
		BECD0ABF24B9B3E000E51BA6 /* Shapr3DFileConverter.framework in Frameworks */ = {isa = PBXBuildFile; fileRef = BECD0AB524B9B3E000E51BA6 /* Shapr3DFileConverter.framework */; };
		BECD0AC424B9B3E000E51BA6 /* ConverterTests.swift in Sources */ = {isa = PBXBuildFile; fileRef = BECD0AC324B9B3E000E51BA6 /* ConverterTests.swift */; };
		BECD0AC624B9B3E000E51BA6 /* Shapr3DFileConverter.h in Headers */ = {isa = PBXBuildFile; fileRef = BECD0AB824B9B3E000E51BA6 /* Shapr3DFileConverter.h */; settings = {ATTRIBUTES = (Public, ); }; };
		BECD0AD924B9B4CB00E51BA6 /* Converter.swift in Sources */ = {isa = PBXBuildFile; fileRef = BECD0AD824B9B4CB00E51BA6 /* Converter.swift */; };
		BECD0AE124B9BB2E00E51BA6 /* AppDelegate.swift in Sources */ = {isa = PBXBuildFile; fileRef = BECD0AE024B9BB2E00E51BA6 /* AppDelegate.swift */; };
		BECD0AE324B9BB2E00E51BA6 /* SceneDelegate.swift in Sources */ = {isa = PBXBuildFile; fileRef = BECD0AE224B9BB2E00E51BA6 /* SceneDelegate.swift */; };
		BECD0AE824B9BB2E00E51BA6 /* Main.storyboard in Resources */ = {isa = PBXBuildFile; fileRef = BECD0AE624B9BB2E00E51BA6 /* Main.storyboard */; };
		BECD0AED24B9BB2E00E51BA6 /* LaunchScreen.storyboard in Resources */ = {isa = PBXBuildFile; fileRef = BECD0AEB24B9BB2E00E51BA6 /* LaunchScreen.storyboard */; };
		BECD0AF724B9BC5600E51BA6 /* ImageUtilities.swift in Sources */ = {isa = PBXBuildFile; fileRef = BECD0AF324B9BC5600E51BA6 /* ImageUtilities.swift */; };
		BECD0AF824B9BC5600E51BA6 /* DocumentTableViewCell.swift in Sources */ = {isa = PBXBuildFile; fileRef = BECD0AF424B9BC5600E51BA6 /* DocumentTableViewCell.swift */; };
		BECD0AF924B9BC5600E51BA6 /* MasterViewController.swift in Sources */ = {isa = PBXBuildFile; fileRef = BECD0AF524B9BC5600E51BA6 /* MasterViewController.swift */; };
		BECD0AFA24B9BC5600E51BA6 /* DetailViewController.swift in Sources */ = {isa = PBXBuildFile; fileRef = BECD0AF624B9BC5600E51BA6 /* DetailViewController.swift */; };
		BECD0B0024B9BC6100E51BA6 /* Shaper3DImport.xcdatamodeld in Sources */ = {isa = PBXBuildFile; fileRef = BECD0AFD24B9BC6100E51BA6 /* Shaper3DImport.xcdatamodeld */; };
		BECD0B0424B9BC7000E51BA6 /* ShaprDocumentPicker.swift in Sources */ = {isa = PBXBuildFile; fileRef = BECD0B0224B9BC7000E51BA6 /* ShaprDocumentPicker.swift */; };
		BECD0B0524B9BC7000E51BA6 /* ShaprDocument.swift in Sources */ = {isa = PBXBuildFile; fileRef = BECD0B0324B9BC7000E51BA6 /* ShaprDocument.swift */; };
		BECD0B0624B9BD3000E51BA6 /* Assets.xcassets in Resources */ = {isa = PBXBuildFile; fileRef = BECD0AF224B9BBC200E51BA6 /* Assets.xcassets */; };
		BECD0B0C24B9F1BB00E51BA6 /* ConvertQueue.swift in Sources */ = {isa = PBXBuildFile; fileRef = BECD0B0B24B9F1BB00E51BA6 /* ConvertQueue.swift */; };
		BEEED11124BAAA6C0084282B /* Base3DFormat+Display.swift in Sources */ = {isa = PBXBuildFile; fileRef = BEEED11024BAAA6C0084282B /* Base3DFormat+Display.swift */; };
		BEEED11324BAAC190084282B /* ShaprOutputFormat.swift in Sources */ = {isa = PBXBuildFile; fileRef = BEEED11224BAAC190084282B /* ShaprOutputFormat.swift */; };
		BEEED11624BAB0100084282B /* MasterViewController+UITableView.swift in Sources */ = {isa = PBXBuildFile; fileRef = BEEED11524BAB0100084282B /* MasterViewController+UITableView.swift */; };
		BEEED11A24BAD9590084282B /* CollectionViewProvider.swift in Sources */ = {isa = PBXBuildFile; fileRef = BEEED11924BAD9590084282B /* CollectionViewProvider.swift */; };
		BEEED11C24BAD98A0084282B /* AccessoryViews.swift in Sources */ = {isa = PBXBuildFile; fileRef = BEEED11B24BAD98A0084282B /* AccessoryViews.swift */; };
		BEEED11E24BADFEA0084282B /* TagsLayout.swift in Sources */ = {isa = PBXBuildFile; fileRef = BEEED11D24BADFEA0084282B /* TagsLayout.swift */; };
		BEEED12024BAE0520084282B /* BaseLayout.swift in Sources */ = {isa = PBXBuildFile; fileRef = BEEED11F24BAE0520084282B /* BaseLayout.swift */; };
		BEEED12424BB227D0084282B /* FontUtilties.swift in Sources */ = {isa = PBXBuildFile; fileRef = BEEED12324BB227D0084282B /* FontUtilties.swift */; };
		BEEED12624BB3DE60084282B /* FileInfoTableViewController.swift in Sources */ = {isa = PBXBuildFile; fileRef = BEEED12524BB3DE60084282B /* FileInfoTableViewController.swift */; };
		BEEED12824BB434A0084282B /* DateUtilities.swift in Sources */ = {isa = PBXBuildFile; fileRef = BEEED12724BB434A0084282B /* DateUtilities.swift */; };
		BEEED12A24BB47810084282B /* UnitUtilities.swift in Sources */ = {isa = PBXBuildFile; fileRef = BEEED12924BB47810084282B /* UnitUtilities.swift */; };
		BEEED12C24BB4D6C0084282B /* AppDelegate+Appearance.swift in Sources */ = {isa = PBXBuildFile; fileRef = BEEED12B24BB4D6C0084282B /* AppDelegate+Appearance.swift */; };
/* End PBXBuildFile section */

/* Begin PBXContainerItemProxy section */
		BECD0AC024B9B3E000E51BA6 /* PBXContainerItemProxy */ = {
			isa = PBXContainerItemProxy;
			containerPortal = BECD0AAC24B9B3E000E51BA6 /* Project object */;
			proxyType = 1;
			remoteGlobalIDString = BECD0AB424B9B3E000E51BA6;
			remoteInfo = Shapr3DFileConverter;
		};
/* End PBXContainerItemProxy section */

/* Begin PBXFileReference section */
		3DE4884A136EAD94FF87DEF0 /* Pods-Shapr3DFileConverterExample.debug.xcconfig */ = {isa = PBXFileReference; includeInIndex = 1; lastKnownFileType = text.xcconfig; name = "Pods-Shapr3DFileConverterExample.debug.xcconfig"; path = "Target Support Files/Pods-Shapr3DFileConverterExample/Pods-Shapr3DFileConverterExample.debug.xcconfig"; sourceTree = "<group>"; };
		BE167EAE24BCAB6F00DDBA1B /* DataManager.swift */ = {isa = PBXFileReference; fileEncoding = 4; lastKnownFileType = sourcecode.swift; path = DataManager.swift; sourceTree = "<group>"; };
		BE167EB224BCAE5A00DDBA1B /* DataManager+FetchedResultsControllerDelegate.swift */ = {isa = PBXFileReference; lastKnownFileType = sourcecode.swift; path = "DataManager+FetchedResultsControllerDelegate.swift"; sourceTree = "<group>"; };
		BE167EB424BCB52C00DDBA1B /* ColorUtilities.swift */ = {isa = PBXFileReference; lastKnownFileType = sourcecode.swift; path = ColorUtilities.swift; sourceTree = "<group>"; };
		BEB49F1E24BD99CE009E9133 /* ConvertQueueTests.swift */ = {isa = PBXFileReference; lastKnownFileType = sourcecode.swift; path = ConvertQueueTests.swift; sourceTree = "<group>"; };
		BECD0AB524B9B3E000E51BA6 /* Shapr3DFileConverter.framework */ = {isa = PBXFileReference; explicitFileType = wrapper.framework; includeInIndex = 0; path = Shapr3DFileConverter.framework; sourceTree = BUILT_PRODUCTS_DIR; };
		BECD0AB824B9B3E000E51BA6 /* Shapr3DFileConverter.h */ = {isa = PBXFileReference; lastKnownFileType = sourcecode.c.h; path = Shapr3DFileConverter.h; sourceTree = "<group>"; };
		BECD0AB924B9B3E000E51BA6 /* Info.plist */ = {isa = PBXFileReference; lastKnownFileType = text.plist.xml; path = Info.plist; sourceTree = "<group>"; };
		BECD0ABE24B9B3E000E51BA6 /* Shapr3DFileConverterTests.xctest */ = {isa = PBXFileReference; explicitFileType = wrapper.cfbundle; includeInIndex = 0; path = Shapr3DFileConverterTests.xctest; sourceTree = BUILT_PRODUCTS_DIR; };
		BECD0AC324B9B3E000E51BA6 /* ConverterTests.swift */ = {isa = PBXFileReference; lastKnownFileType = sourcecode.swift; path = ConverterTests.swift; sourceTree = "<group>"; };
		BECD0AC524B9B3E000E51BA6 /* Info.plist */ = {isa = PBXFileReference; lastKnownFileType = text.plist.xml; path = Info.plist; sourceTree = "<group>"; };
		BECD0AD824B9B4CB00E51BA6 /* Converter.swift */ = {isa = PBXFileReference; lastKnownFileType = sourcecode.swift; path = Converter.swift; sourceTree = "<group>"; };
		BECD0ADE24B9BB2E00E51BA6 /* Shapr3DFileConverterExample.app */ = {isa = PBXFileReference; explicitFileType = wrapper.application; includeInIndex = 0; path = Shapr3DFileConverterExample.app; sourceTree = BUILT_PRODUCTS_DIR; };
		BECD0AE024B9BB2E00E51BA6 /* AppDelegate.swift */ = {isa = PBXFileReference; lastKnownFileType = sourcecode.swift; path = AppDelegate.swift; sourceTree = "<group>"; };
		BECD0AE224B9BB2E00E51BA6 /* SceneDelegate.swift */ = {isa = PBXFileReference; lastKnownFileType = sourcecode.swift; path = SceneDelegate.swift; sourceTree = "<group>"; };
		BECD0AE724B9BB2E00E51BA6 /* Base */ = {isa = PBXFileReference; lastKnownFileType = file.storyboard; name = Base; path = Base.lproj/Main.storyboard; sourceTree = "<group>"; };
		BECD0AEC24B9BB2E00E51BA6 /* Base */ = {isa = PBXFileReference; lastKnownFileType = file.storyboard; name = Base; path = Base.lproj/LaunchScreen.storyboard; sourceTree = "<group>"; };
		BECD0AEE24B9BB2E00E51BA6 /* Info.plist */ = {isa = PBXFileReference; lastKnownFileType = text.plist.xml; path = Info.plist; sourceTree = "<group>"; };
		BECD0AF224B9BBC200E51BA6 /* Assets.xcassets */ = {isa = PBXFileReference; lastKnownFileType = folder.assetcatalog; path = Assets.xcassets; sourceTree = "<group>"; };
		BECD0AF324B9BC5600E51BA6 /* ImageUtilities.swift */ = {isa = PBXFileReference; fileEncoding = 4; lastKnownFileType = sourcecode.swift; path = ImageUtilities.swift; sourceTree = "<group>"; };
		BECD0AF424B9BC5600E51BA6 /* DocumentTableViewCell.swift */ = {isa = PBXFileReference; fileEncoding = 4; lastKnownFileType = sourcecode.swift; path = DocumentTableViewCell.swift; sourceTree = "<group>"; };
		BECD0AF524B9BC5600E51BA6 /* MasterViewController.swift */ = {isa = PBXFileReference; fileEncoding = 4; lastKnownFileType = sourcecode.swift; path = MasterViewController.swift; sourceTree = "<group>"; };
		BECD0AF624B9BC5600E51BA6 /* DetailViewController.swift */ = {isa = PBXFileReference; fileEncoding = 4; lastKnownFileType = sourcecode.swift; path = DetailViewController.swift; sourceTree = "<group>"; };
		BECD0AFE24B9BC6100E51BA6 /* Shaper3DImport.xcdatamodel */ = {isa = PBXFileReference; lastKnownFileType = wrapper.xcdatamodel; path = Shaper3DImport.xcdatamodel; sourceTree = "<group>"; };
		BECD0B0224B9BC7000E51BA6 /* ShaprDocumentPicker.swift */ = {isa = PBXFileReference; fileEncoding = 4; lastKnownFileType = sourcecode.swift; path = ShaprDocumentPicker.swift; sourceTree = "<group>"; };
		BECD0B0324B9BC7000E51BA6 /* ShaprDocument.swift */ = {isa = PBXFileReference; fileEncoding = 4; lastKnownFileType = sourcecode.swift; path = ShaprDocument.swift; sourceTree = "<group>"; };
		BECD0B0B24B9F1BB00E51BA6 /* ConvertQueue.swift */ = {isa = PBXFileReference; lastKnownFileType = sourcecode.swift; path = ConvertQueue.swift; sourceTree = "<group>"; };
		BEEED11024BAAA6C0084282B /* Base3DFormat+Display.swift */ = {isa = PBXFileReference; lastKnownFileType = sourcecode.swift; path = "Base3DFormat+Display.swift"; sourceTree = "<group>"; };
		BEEED11224BAAC190084282B /* ShaprOutputFormat.swift */ = {isa = PBXFileReference; lastKnownFileType = sourcecode.swift; path = ShaprOutputFormat.swift; sourceTree = "<group>"; };
		BEEED11524BAB0100084282B /* MasterViewController+UITableView.swift */ = {isa = PBXFileReference; lastKnownFileType = sourcecode.swift; path = "MasterViewController+UITableView.swift"; sourceTree = "<group>"; };
		BEEED11924BAD9590084282B /* CollectionViewProvider.swift */ = {isa = PBXFileReference; lastKnownFileType = sourcecode.swift; path = CollectionViewProvider.swift; sourceTree = "<group>"; };
		BEEED11B24BAD98A0084282B /* AccessoryViews.swift */ = {isa = PBXFileReference; lastKnownFileType = sourcecode.swift; path = AccessoryViews.swift; sourceTree = "<group>"; };
		BEEED11D24BADFEA0084282B /* TagsLayout.swift */ = {isa = PBXFileReference; lastKnownFileType = sourcecode.swift; path = TagsLayout.swift; sourceTree = "<group>"; };
		BEEED11F24BAE0520084282B /* BaseLayout.swift */ = {isa = PBXFileReference; lastKnownFileType = sourcecode.swift; path = BaseLayout.swift; sourceTree = "<group>"; };
		BEEED12324BB227D0084282B /* FontUtilties.swift */ = {isa = PBXFileReference; lastKnownFileType = sourcecode.swift; path = FontUtilties.swift; sourceTree = "<group>"; };
		BEEED12524BB3DE60084282B /* FileInfoTableViewController.swift */ = {isa = PBXFileReference; lastKnownFileType = sourcecode.swift; path = FileInfoTableViewController.swift; sourceTree = "<group>"; };
		BEEED12724BB434A0084282B /* DateUtilities.swift */ = {isa = PBXFileReference; lastKnownFileType = sourcecode.swift; path = DateUtilities.swift; sourceTree = "<group>"; };
		BEEED12924BB47810084282B /* UnitUtilities.swift */ = {isa = PBXFileReference; lastKnownFileType = sourcecode.swift; path = UnitUtilities.swift; sourceTree = "<group>"; };
		BEEED12B24BB4D6C0084282B /* AppDelegate+Appearance.swift */ = {isa = PBXFileReference; lastKnownFileType = sourcecode.swift; path = "AppDelegate+Appearance.swift"; sourceTree = "<group>"; };
		C655D132614495343BD22412 /* Pods-Shapr3DFileConverterExample.release.xcconfig */ = {isa = PBXFileReference; includeInIndex = 1; lastKnownFileType = text.xcconfig; name = "Pods-Shapr3DFileConverterExample.release.xcconfig"; path = "Target Support Files/Pods-Shapr3DFileConverterExample/Pods-Shapr3DFileConverterExample.release.xcconfig"; sourceTree = "<group>"; };
		F3BE0D0D9DCC06C73A3BB407 /* Pods_Shapr3DFileConverterExample.framework */ = {isa = PBXFileReference; explicitFileType = wrapper.framework; includeInIndex = 0; path = Pods_Shapr3DFileConverterExample.framework; sourceTree = BUILT_PRODUCTS_DIR; };
/* End PBXFileReference section */

/* Begin PBXFrameworksBuildPhase section */
		BECD0AB224B9B3E000E51BA6 /* Frameworks */ = {
			isa = PBXFrameworksBuildPhase;
			buildActionMask = 2147483647;
			files = (
			);
			runOnlyForDeploymentPostprocessing = 0;
		};
		BECD0ABB24B9B3E000E51BA6 /* Frameworks */ = {
			isa = PBXFrameworksBuildPhase;
			buildActionMask = 2147483647;
			files = (
				BECD0ABF24B9B3E000E51BA6 /* Shapr3DFileConverter.framework in Frameworks */,
			);
			runOnlyForDeploymentPostprocessing = 0;
		};
		BECD0ADB24B9BB2E00E51BA6 /* Frameworks */ = {
			isa = PBXFrameworksBuildPhase;
			buildActionMask = 2147483647;
			files = (
				84A43901E9C4AF45C7349F55 /* Pods_Shapr3DFileConverterExample.framework in Frameworks */,
			);
			runOnlyForDeploymentPostprocessing = 0;
		};
/* End PBXFrameworksBuildPhase section */

/* Begin PBXGroup section */
		7ED0E5D350977637D66869A7 /* Pods */ = {
			isa = PBXGroup;
			children = (
				3DE4884A136EAD94FF87DEF0 /* Pods-Shapr3DFileConverterExample.debug.xcconfig */,
				C655D132614495343BD22412 /* Pods-Shapr3DFileConverterExample.release.xcconfig */,
			);
			path = Pods;
			sourceTree = "<group>";
		};
		BECD0AAB24B9B3E000E51BA6 = {
			isa = PBXGroup;
			children = (
				BECD0AB724B9B3E000E51BA6 /* Shapr3DFileConverter */,
				BECD0AC224B9B3E000E51BA6 /* Shapr3DFileConverterTests */,
				BECD0ADF24B9BB2E00E51BA6 /* Shapr3DFileConverterExample */,
				BECD0AB624B9B3E000E51BA6 /* Products */,
				7ED0E5D350977637D66869A7 /* Pods */,
				DA7FBD2E9E3C5FF9F5106145 /* Frameworks */,
			);
			sourceTree = "<group>";
		};
		BECD0AB624B9B3E000E51BA6 /* Products */ = {
			isa = PBXGroup;
			children = (
				BECD0AB524B9B3E000E51BA6 /* Shapr3DFileConverter.framework */,
				BECD0ABE24B9B3E000E51BA6 /* Shapr3DFileConverterTests.xctest */,
				BECD0ADE24B9BB2E00E51BA6 /* Shapr3DFileConverterExample.app */,
			);
			name = Products;
			sourceTree = "<group>";
		};
		BECD0AB724B9B3E000E51BA6 /* Shapr3DFileConverter */ = {
			isa = PBXGroup;
			children = (
				BECD0AB824B9B3E000E51BA6 /* Shapr3DFileConverter.h */,
				BECD0AB924B9B3E000E51BA6 /* Info.plist */,
				BECD0AD824B9B4CB00E51BA6 /* Converter.swift */,
				BECD0B0B24B9F1BB00E51BA6 /* ConvertQueue.swift */,
				BEEED11224BAAC190084282B /* ShaprOutputFormat.swift */,
			);
			path = Shapr3DFileConverter;
			sourceTree = "<group>";
		};
		BECD0AC224B9B3E000E51BA6 /* Shapr3DFileConverterTests */ = {
			isa = PBXGroup;
			children = (
				BECD0AC324B9B3E000E51BA6 /* ConverterTests.swift */,
				BEB49F1E24BD99CE009E9133 /* ConvertQueueTests.swift */,
				BECD0AC524B9B3E000E51BA6 /* Info.plist */,
			);
			path = Shapr3DFileConverterTests;
			sourceTree = "<group>";
		};
		BECD0ADF24B9BB2E00E51BA6 /* Shapr3DFileConverterExample */ = {
			isa = PBXGroup;
			children = (
				BECD0B0124B9BC7000E51BA6 /* ShaprDocument */,
				BECD0AFB24B9BC6100E51BA6 /* Model */,
				BEEED10E24BAA98C0084282B /* View */,
				BEEED12224BB22730084282B /* Utilities */,
				BECD0AF224B9BBC200E51BA6 /* Assets.xcassets */,
				BECD0AE024B9BB2E00E51BA6 /* AppDelegate.swift */,
				BEEED12B24BB4D6C0084282B /* AppDelegate+Appearance.swift */,
				BECD0AE224B9BB2E00E51BA6 /* SceneDelegate.swift */,
				BECD0AE624B9BB2E00E51BA6 /* Main.storyboard */,
				BECD0AEB24B9BB2E00E51BA6 /* LaunchScreen.storyboard */,
				BECD0AEE24B9BB2E00E51BA6 /* Info.plist */,
			);
			path = Shapr3DFileConverterExample;
			sourceTree = "<group>";
		};
		BECD0AFB24B9BC6100E51BA6 /* Model */ = {
			isa = PBXGroup;
			children = (
				BE167EAE24BCAB6F00DDBA1B /* DataManager.swift */,
				BE167EB224BCAE5A00DDBA1B /* DataManager+FetchedResultsControllerDelegate.swift */,
				BEEED11024BAAA6C0084282B /* Base3DFormat+Display.swift */,
				BECD0AFD24B9BC6100E51BA6 /* Shaper3DImport.xcdatamodeld */,
			);
			path = Model;
			sourceTree = "<group>";
		};
		BECD0B0124B9BC7000E51BA6 /* ShaprDocument */ = {
			isa = PBXGroup;
			children = (
				BECD0B0224B9BC7000E51BA6 /* ShaprDocumentPicker.swift */,
				BECD0B0324B9BC7000E51BA6 /* ShaprDocument.swift */,
			);
			path = ShaprDocument;
			sourceTree = "<group>";
		};
		BEEED10E24BAA98C0084282B /* View */ = {
			isa = PBXGroup;
			children = (
				BECD0AF524B9BC5600E51BA6 /* MasterViewController.swift */,
				BEEED11524BAB0100084282B /* MasterViewController+UITableView.swift */,
				BECD0AF624B9BC5600E51BA6 /* DetailViewController.swift */,
				BEEED12524BB3DE60084282B /* FileInfoTableViewController.swift */,
				BEEED10F24BAA9920084282B /* Table View Cell */,
			);
			path = View;
			sourceTree = "<group>";
		};
		BEEED10F24BAA9920084282B /* Table View Cell */ = {
			isa = PBXGroup;
			children = (
				BECD0AF424B9BC5600E51BA6 /* DocumentTableViewCell.swift */,
				BEEED12124BB21A00084282B /* Collection View */,
			);
			path = "Table View Cell";
			sourceTree = "<group>";
		};
		BEEED12124BB21A00084282B /* Collection View */ = {
			isa = PBXGroup;
			children = (
				BEEED11924BAD9590084282B /* CollectionViewProvider.swift */,
				BEEED11B24BAD98A0084282B /* AccessoryViews.swift */,
				BEEED11D24BADFEA0084282B /* TagsLayout.swift */,
				BEEED11F24BAE0520084282B /* BaseLayout.swift */,
			);
			path = "Collection View";
			sourceTree = "<group>";
		};
		BEEED12224BB22730084282B /* Utilities */ = {
			isa = PBXGroup;
			children = (
				BECD0AF324B9BC5600E51BA6 /* ImageUtilities.swift */,
				BE167EB424BCB52C00DDBA1B /* ColorUtilities.swift */,
				BEEED12324BB227D0084282B /* FontUtilties.swift */,
				BEEED12724BB434A0084282B /* DateUtilities.swift */,
				BEEED12924BB47810084282B /* UnitUtilities.swift */,
			);
			path = Utilities;
			sourceTree = "<group>";
		};
		DA7FBD2E9E3C5FF9F5106145 /* Frameworks */ = {
			isa = PBXGroup;
			children = (
				F3BE0D0D9DCC06C73A3BB407 /* Pods_Shapr3DFileConverterExample.framework */,
			);
			name = Frameworks;
			sourceTree = "<group>";
		};
/* End PBXGroup section */

/* Begin PBXHeadersBuildPhase section */
		BECD0AB024B9B3E000E51BA6 /* Headers */ = {
			isa = PBXHeadersBuildPhase;
			buildActionMask = 2147483647;
			files = (
				BECD0AC624B9B3E000E51BA6 /* Shapr3DFileConverter.h in Headers */,
			);
			runOnlyForDeploymentPostprocessing = 0;
		};
/* End PBXHeadersBuildPhase section */

/* Begin PBXNativeTarget section */
		BECD0AB424B9B3E000E51BA6 /* Shapr3DFileConverter */ = {
			isa = PBXNativeTarget;
			buildConfigurationList = BECD0AC924B9B3E000E51BA6 /* Build configuration list for PBXNativeTarget "Shapr3DFileConverter" */;
			buildPhases = (
				BECD0AB024B9B3E000E51BA6 /* Headers */,
				BECD0AB124B9B3E000E51BA6 /* Sources */,
				BECD0AB224B9B3E000E51BA6 /* Frameworks */,
				BECD0AB324B9B3E000E51BA6 /* Resources */,
			);
			buildRules = (
			);
			dependencies = (
			);
			name = Shapr3DFileConverter;
			productName = Shapr3DFileConverter;
			productReference = BECD0AB524B9B3E000E51BA6 /* Shapr3DFileConverter.framework */;
			productType = "com.apple.product-type.framework";
		};
		BECD0ABD24B9B3E000E51BA6 /* Shapr3DFileConverterTests */ = {
			isa = PBXNativeTarget;
			buildConfigurationList = BECD0ACC24B9B3E000E51BA6 /* Build configuration list for PBXNativeTarget "Shapr3DFileConverterTests" */;
			buildPhases = (
				BECD0ABA24B9B3E000E51BA6 /* Sources */,
				BECD0ABB24B9B3E000E51BA6 /* Frameworks */,
				BECD0ABC24B9B3E000E51BA6 /* Resources */,
			);
			buildRules = (
			);
			dependencies = (
				BECD0AC124B9B3E000E51BA6 /* PBXTargetDependency */,
			);
			name = Shapr3DFileConverterTests;
			productName = Shapr3DFileConverterTests;
			productReference = BECD0ABE24B9B3E000E51BA6 /* Shapr3DFileConverterTests.xctest */;
			productType = "com.apple.product-type.bundle.unit-test";
		};
		BECD0ADD24B9BB2E00E51BA6 /* Shapr3DFileConverterExample */ = {
			isa = PBXNativeTarget;
			buildConfigurationList = BECD0AF124B9BB2E00E51BA6 /* Build configuration list for PBXNativeTarget "Shapr3DFileConverterExample" */;
			buildPhases = (
				E00920F62A4068DE0146A353 /* [CP] Check Pods Manifest.lock */,
				BECD0ADA24B9BB2E00E51BA6 /* Sources */,
				BECD0ADB24B9BB2E00E51BA6 /* Frameworks */,
				BECD0ADC24B9BB2E00E51BA6 /* Resources */,
				39BD4435C30B801469F38365 /* [CP] Embed Pods Frameworks */,
			);
			buildRules = (
			);
			dependencies = (
			);
			name = Shapr3DFileConverterExample;
			productName = Shapr3DFileConverterExample;
			productReference = BECD0ADE24B9BB2E00E51BA6 /* Shapr3DFileConverterExample.app */;
			productType = "com.apple.product-type.application";
		};
/* End PBXNativeTarget section */

/* Begin PBXProject section */
		BECD0AAC24B9B3E000E51BA6 /* Project object */ = {
			isa = PBXProject;
			attributes = {
				LastSwiftUpdateCheck = 1150;
				LastUpgradeCheck = 1150;
				ORGANIZATIONNAME = "Aldrich Co";
				TargetAttributes = {
					BECD0AB424B9B3E000E51BA6 = {
						CreatedOnToolsVersion = 11.5;
						LastSwiftMigration = 1150;
					};
					BECD0ABD24B9B3E000E51BA6 = {
						CreatedOnToolsVersion = 11.5;
					};
					BECD0ADD24B9BB2E00E51BA6 = {
						CreatedOnToolsVersion = 11.5;
					};
				};
			};
			buildConfigurationList = BECD0AAF24B9B3E000E51BA6 /* Build configuration list for PBXProject "Shapr3DFileConverter" */;
			compatibilityVersion = "Xcode 9.3";
			developmentRegion = en;
			hasScannedForEncodings = 0;
			knownRegions = (
				en,
				Base,
			);
			mainGroup = BECD0AAB24B9B3E000E51BA6;
			productRefGroup = BECD0AB624B9B3E000E51BA6 /* Products */;
			projectDirPath = "";
			projectRoot = "";
			targets = (
				BECD0AB424B9B3E000E51BA6 /* Shapr3DFileConverter */,
				BECD0ABD24B9B3E000E51BA6 /* Shapr3DFileConverterTests */,
				BECD0ADD24B9BB2E00E51BA6 /* Shapr3DFileConverterExample */,
			);
		};
/* End PBXProject section */

/* Begin PBXResourcesBuildPhase section */
		BECD0AB324B9B3E000E51BA6 /* Resources */ = {
			isa = PBXResourcesBuildPhase;
			buildActionMask = 2147483647;
			files = (
			);
			runOnlyForDeploymentPostprocessing = 0;
		};
		BECD0ABC24B9B3E000E51BA6 /* Resources */ = {
			isa = PBXResourcesBuildPhase;
			buildActionMask = 2147483647;
			files = (
			);
			runOnlyForDeploymentPostprocessing = 0;
		};
		BECD0ADC24B9BB2E00E51BA6 /* Resources */ = {
			isa = PBXResourcesBuildPhase;
			buildActionMask = 2147483647;
			files = (
				BECD0AED24B9BB2E00E51BA6 /* LaunchScreen.storyboard in Resources */,
				BECD0B0624B9BD3000E51BA6 /* Assets.xcassets in Resources */,
				BECD0AE824B9BB2E00E51BA6 /* Main.storyboard in Resources */,
			);
			runOnlyForDeploymentPostprocessing = 0;
		};
/* End PBXResourcesBuildPhase section */

/* Begin PBXShellScriptBuildPhase section */
		39BD4435C30B801469F38365 /* [CP] Embed Pods Frameworks */ = {
			isa = PBXShellScriptBuildPhase;
			buildActionMask = 2147483647;
			files = (
			);
			inputFileListPaths = (
				"${PODS_ROOT}/Target Support Files/Pods-Shapr3DFileConverterExample/Pods-Shapr3DFileConverterExample-frameworks-${CONFIGURATION}-input-files.xcfilelist",
			);
			name = "[CP] Embed Pods Frameworks";
			outputFileListPaths = (
				"${PODS_ROOT}/Target Support Files/Pods-Shapr3DFileConverterExample/Pods-Shapr3DFileConverterExample-frameworks-${CONFIGURATION}-output-files.xcfilelist",
			);
			runOnlyForDeploymentPostprocessing = 0;
			shellPath = /bin/sh;
			shellScript = "\"${PODS_ROOT}/Target Support Files/Pods-Shapr3DFileConverterExample/Pods-Shapr3DFileConverterExample-frameworks.sh\"\n";
			showEnvVarsInLog = 0;
		};
		E00920F62A4068DE0146A353 /* [CP] Check Pods Manifest.lock */ = {
			isa = PBXShellScriptBuildPhase;
			buildActionMask = 2147483647;
			files = (
			);
			inputFileListPaths = (
			);
			inputPaths = (
				"${PODS_PODFILE_DIR_PATH}/Podfile.lock",
				"${PODS_ROOT}/Manifest.lock",
			);
			name = "[CP] Check Pods Manifest.lock";
			outputFileListPaths = (
			);
			outputPaths = (
				"$(DERIVED_FILE_DIR)/Pods-Shapr3DFileConverterExample-checkManifestLockResult.txt",
			);
			runOnlyForDeploymentPostprocessing = 0;
			shellPath = /bin/sh;
			shellScript = "diff \"${PODS_PODFILE_DIR_PATH}/Podfile.lock\" \"${PODS_ROOT}/Manifest.lock\" > /dev/null\nif [ $? != 0 ] ; then\n    # print error to STDERR\n    echo \"error: The sandbox is not in sync with the Podfile.lock. Run 'pod install' or update your CocoaPods installation.\" >&2\n    exit 1\nfi\n# This output is used by Xcode 'outputs' to avoid re-running this script phase.\necho \"SUCCESS\" > \"${SCRIPT_OUTPUT_FILE_0}\"\n";
			showEnvVarsInLog = 0;
		};
/* End PBXShellScriptBuildPhase section */

/* Begin PBXSourcesBuildPhase section */
		BECD0AB124B9B3E000E51BA6 /* Sources */ = {
			isa = PBXSourcesBuildPhase;
			buildActionMask = 2147483647;
			files = (
				BEEED11324BAAC190084282B /* ShaprOutputFormat.swift in Sources */,
				BECD0AD924B9B4CB00E51BA6 /* Converter.swift in Sources */,
				BECD0B0C24B9F1BB00E51BA6 /* ConvertQueue.swift in Sources */,
			);
			runOnlyForDeploymentPostprocessing = 0;
		};
		BECD0ABA24B9B3E000E51BA6 /* Sources */ = {
			isa = PBXSourcesBuildPhase;
			buildActionMask = 2147483647;
			files = (
				BECD0AC424B9B3E000E51BA6 /* ConverterTests.swift in Sources */,
				BEB49F1F24BD99CE009E9133 /* ConvertQueueTests.swift in Sources */,
			);
			runOnlyForDeploymentPostprocessing = 0;
		};
		BECD0ADA24B9BB2E00E51BA6 /* Sources */ = {
			isa = PBXSourcesBuildPhase;
			buildActionMask = 2147483647;
			files = (
				BECD0B0024B9BC6100E51BA6 /* Shaper3DImport.xcdatamodeld in Sources */,
				BEEED12A24BB47810084282B /* UnitUtilities.swift in Sources */,
				BEEED11A24BAD9590084282B /* CollectionViewProvider.swift in Sources */,
				BE167EB324BCAE5A00DDBA1B /* DataManager+FetchedResultsControllerDelegate.swift in Sources */,
				BEEED11624BAB0100084282B /* MasterViewController+UITableView.swift in Sources */,
				BECD0AF924B9BC5600E51BA6 /* MasterViewController.swift in Sources */,
				BECD0B0424B9BC7000E51BA6 /* ShaprDocumentPicker.swift in Sources */,
				BECD0AF824B9BC5600E51BA6 /* DocumentTableViewCell.swift in Sources */,
				BECD0AE124B9BB2E00E51BA6 /* AppDelegate.swift in Sources */,
				BEEED12424BB227D0084282B /* FontUtilties.swift in Sources */,
				BEEED12824BB434A0084282B /* DateUtilities.swift in Sources */,
				BE167EAF24BCAB6F00DDBA1B /* DataManager.swift in Sources */,
				BEEED12624BB3DE60084282B /* FileInfoTableViewController.swift in Sources */,
				BEEED11C24BAD98A0084282B /* AccessoryViews.swift in Sources */,
				BE167EB524BCB52C00DDBA1B /* ColorUtilities.swift in Sources */,
				BEEED11E24BADFEA0084282B /* TagsLayout.swift in Sources */,
				BEEED12024BAE0520084282B /* BaseLayout.swift in Sources */,
				BECD0B0524B9BC7000E51BA6 /* ShaprDocument.swift in Sources */,
				BECD0AFA24B9BC5600E51BA6 /* DetailViewController.swift in Sources */,
				BEEED11124BAAA6C0084282B /* Base3DFormat+Display.swift in Sources */,
				BECD0AF724B9BC5600E51BA6 /* ImageUtilities.swift in Sources */,
				BECD0AE324B9BB2E00E51BA6 /* SceneDelegate.swift in Sources */,
				BEEED12C24BB4D6C0084282B /* AppDelegate+Appearance.swift in Sources */,
			);
			runOnlyForDeploymentPostprocessing = 0;
		};
/* End PBXSourcesBuildPhase section */

/* Begin PBXTargetDependency section */
		BECD0AC124B9B3E000E51BA6 /* PBXTargetDependency */ = {
			isa = PBXTargetDependency;
			target = BECD0AB424B9B3E000E51BA6 /* Shapr3DFileConverter */;
			targetProxy = BECD0AC024B9B3E000E51BA6 /* PBXContainerItemProxy */;
		};
/* End PBXTargetDependency section */

/* Begin PBXVariantGroup section */
		BECD0AE624B9BB2E00E51BA6 /* Main.storyboard */ = {
			isa = PBXVariantGroup;
			children = (
				BECD0AE724B9BB2E00E51BA6 /* Base */,
			);
			name = Main.storyboard;
			sourceTree = "<group>";
		};
		BECD0AEB24B9BB2E00E51BA6 /* LaunchScreen.storyboard */ = {
			isa = PBXVariantGroup;
			children = (
				BECD0AEC24B9BB2E00E51BA6 /* Base */,
			);
			name = LaunchScreen.storyboard;
			sourceTree = "<group>";
		};
/* End PBXVariantGroup section */

/* Begin XCBuildConfiguration section */
		BECD0AC724B9B3E000E51BA6 /* Debug */ = {
			isa = XCBuildConfiguration;
			buildSettings = {
				ALWAYS_SEARCH_USER_PATHS = NO;
				CLANG_ANALYZER_NONNULL = YES;
				CLANG_ANALYZER_NUMBER_OBJECT_CONVERSION = YES_AGGRESSIVE;
				CLANG_CXX_LANGUAGE_STANDARD = "gnu++14";
				CLANG_CXX_LIBRARY = "libc++";
				CLANG_ENABLE_MODULES = YES;
				CLANG_ENABLE_OBJC_ARC = YES;
				CLANG_ENABLE_OBJC_WEAK = YES;
				CLANG_WARN_BLOCK_CAPTURE_AUTORELEASING = YES;
				CLANG_WARN_BOOL_CONVERSION = YES;
				CLANG_WARN_COMMA = YES;
				CLANG_WARN_CONSTANT_CONVERSION = YES;
				CLANG_WARN_DEPRECATED_OBJC_IMPLEMENTATIONS = YES;
				CLANG_WARN_DIRECT_OBJC_ISA_USAGE = YES_ERROR;
				CLANG_WARN_DOCUMENTATION_COMMENTS = YES;
				CLANG_WARN_EMPTY_BODY = YES;
				CLANG_WARN_ENUM_CONVERSION = YES;
				CLANG_WARN_INFINITE_RECURSION = YES;
				CLANG_WARN_INT_CONVERSION = YES;
				CLANG_WARN_NON_LITERAL_NULL_CONVERSION = YES;
				CLANG_WARN_OBJC_IMPLICIT_RETAIN_SELF = YES;
				CLANG_WARN_OBJC_LITERAL_CONVERSION = YES;
				CLANG_WARN_OBJC_ROOT_CLASS = YES_ERROR;
				CLANG_WARN_RANGE_LOOP_ANALYSIS = YES;
				CLANG_WARN_STRICT_PROTOTYPES = YES;
				CLANG_WARN_SUSPICIOUS_MOVE = YES;
				CLANG_WARN_UNGUARDED_AVAILABILITY = YES_AGGRESSIVE;
				CLANG_WARN_UNREACHABLE_CODE = YES;
				CLANG_WARN__DUPLICATE_METHOD_MATCH = YES;
				COPY_PHASE_STRIP = NO;
				CURRENT_PROJECT_VERSION = 1;
				DEBUG_INFORMATION_FORMAT = dwarf;
				ENABLE_STRICT_OBJC_MSGSEND = YES;
				ENABLE_TESTABILITY = YES;
				GCC_C_LANGUAGE_STANDARD = gnu11;
				GCC_DYNAMIC_NO_PIC = NO;
				GCC_NO_COMMON_BLOCKS = YES;
				GCC_OPTIMIZATION_LEVEL = 0;
				GCC_PREPROCESSOR_DEFINITIONS = (
					"DEBUG=1",
					"$(inherited)",
				);
				GCC_WARN_64_TO_32_BIT_CONVERSION = YES;
				GCC_WARN_ABOUT_RETURN_TYPE = YES_ERROR;
				GCC_WARN_UNDECLARED_SELECTOR = YES;
				GCC_WARN_UNINITIALIZED_AUTOS = YES_AGGRESSIVE;
				GCC_WARN_UNUSED_FUNCTION = YES;
				GCC_WARN_UNUSED_VARIABLE = YES;
				IPHONEOS_DEPLOYMENT_TARGET = 13.5;
				MTL_ENABLE_DEBUG_INFO = INCLUDE_SOURCE;
				MTL_FAST_MATH = YES;
				ONLY_ACTIVE_ARCH = YES;
				SDKROOT = iphoneos;
				SWIFT_ACTIVE_COMPILATION_CONDITIONS = DEBUG;
				SWIFT_OPTIMIZATION_LEVEL = "-Onone";
				VERSIONING_SYSTEM = "apple-generic";
				VERSION_INFO_PREFIX = "";
			};
			name = Debug;
		};
		BECD0AC824B9B3E000E51BA6 /* Release */ = {
			isa = XCBuildConfiguration;
			buildSettings = {
				ALWAYS_SEARCH_USER_PATHS = NO;
				CLANG_ANALYZER_NONNULL = YES;
				CLANG_ANALYZER_NUMBER_OBJECT_CONVERSION = YES_AGGRESSIVE;
				CLANG_CXX_LANGUAGE_STANDARD = "gnu++14";
				CLANG_CXX_LIBRARY = "libc++";
				CLANG_ENABLE_MODULES = YES;
				CLANG_ENABLE_OBJC_ARC = YES;
				CLANG_ENABLE_OBJC_WEAK = YES;
				CLANG_WARN_BLOCK_CAPTURE_AUTORELEASING = YES;
				CLANG_WARN_BOOL_CONVERSION = YES;
				CLANG_WARN_COMMA = YES;
				CLANG_WARN_CONSTANT_CONVERSION = YES;
				CLANG_WARN_DEPRECATED_OBJC_IMPLEMENTATIONS = YES;
				CLANG_WARN_DIRECT_OBJC_ISA_USAGE = YES_ERROR;
				CLANG_WARN_DOCUMENTATION_COMMENTS = YES;
				CLANG_WARN_EMPTY_BODY = YES;
				CLANG_WARN_ENUM_CONVERSION = YES;
				CLANG_WARN_INFINITE_RECURSION = YES;
				CLANG_WARN_INT_CONVERSION = YES;
				CLANG_WARN_NON_LITERAL_NULL_CONVERSION = YES;
				CLANG_WARN_OBJC_IMPLICIT_RETAIN_SELF = YES;
				CLANG_WARN_OBJC_LITERAL_CONVERSION = YES;
				CLANG_WARN_OBJC_ROOT_CLASS = YES_ERROR;
				CLANG_WARN_RANGE_LOOP_ANALYSIS = YES;
				CLANG_WARN_STRICT_PROTOTYPES = YES;
				CLANG_WARN_SUSPICIOUS_MOVE = YES;
				CLANG_WARN_UNGUARDED_AVAILABILITY = YES_AGGRESSIVE;
				CLANG_WARN_UNREACHABLE_CODE = YES;
				CLANG_WARN__DUPLICATE_METHOD_MATCH = YES;
				COPY_PHASE_STRIP = NO;
				CURRENT_PROJECT_VERSION = 1;
				DEBUG_INFORMATION_FORMAT = "dwarf-with-dsym";
				ENABLE_NS_ASSERTIONS = NO;
				ENABLE_STRICT_OBJC_MSGSEND = YES;
				GCC_C_LANGUAGE_STANDARD = gnu11;
				GCC_NO_COMMON_BLOCKS = YES;
				GCC_WARN_64_TO_32_BIT_CONVERSION = YES;
				GCC_WARN_ABOUT_RETURN_TYPE = YES_ERROR;
				GCC_WARN_UNDECLARED_SELECTOR = YES;
				GCC_WARN_UNINITIALIZED_AUTOS = YES_AGGRESSIVE;
				GCC_WARN_UNUSED_FUNCTION = YES;
				GCC_WARN_UNUSED_VARIABLE = YES;
				IPHONEOS_DEPLOYMENT_TARGET = 13.5;
				MTL_ENABLE_DEBUG_INFO = NO;
				MTL_FAST_MATH = YES;
				SDKROOT = iphoneos;
				SWIFT_COMPILATION_MODE = wholemodule;
				SWIFT_OPTIMIZATION_LEVEL = "-O";
				VALIDATE_PRODUCT = YES;
				VERSIONING_SYSTEM = "apple-generic";
				VERSION_INFO_PREFIX = "";
			};
			name = Release;
		};
		BECD0ACA24B9B3E000E51BA6 /* Debug */ = {
			isa = XCBuildConfiguration;
			buildSettings = {
				CLANG_ENABLE_MODULES = YES;
				CODE_SIGN_STYLE = Automatic;
				DEFINES_MODULE = YES;
				DYLIB_COMPATIBILITY_VERSION = 1;
				DYLIB_CURRENT_VERSION = 1;
				DYLIB_INSTALL_NAME_BASE = "@rpath";
				INFOPLIST_FILE = Shapr3DFileConverter/Info.plist;
				INSTALL_PATH = "$(LOCAL_LIBRARY_DIR)/Frameworks";
				LD_RUNPATH_SEARCH_PATHS = (
					"$(inherited)",
					"@executable_path/Frameworks",
					"@loader_path/Frameworks",
				);
				PRODUCT_BUNDLE_IDENTIFIER = co.aldrich.Shapr3DFileConverter;
				PRODUCT_NAME = "$(TARGET_NAME:c99extidentifier)";
				SKIP_INSTALL = YES;
				SUPPORTS_MACCATALYST = NO;
				SWIFT_OPTIMIZATION_LEVEL = "-Onone";
				SWIFT_VERSION = 5.0;
				TARGETED_DEVICE_FAMILY = 2;
			};
			name = Debug;
		};
		BECD0ACB24B9B3E000E51BA6 /* Release */ = {
			isa = XCBuildConfiguration;
			buildSettings = {
				CLANG_ENABLE_MODULES = YES;
				CODE_SIGN_STYLE = Automatic;
				DEFINES_MODULE = YES;
				DYLIB_COMPATIBILITY_VERSION = 1;
				DYLIB_CURRENT_VERSION = 1;
				DYLIB_INSTALL_NAME_BASE = "@rpath";
				INFOPLIST_FILE = Shapr3DFileConverter/Info.plist;
				INSTALL_PATH = "$(LOCAL_LIBRARY_DIR)/Frameworks";
				LD_RUNPATH_SEARCH_PATHS = (
					"$(inherited)",
					"@executable_path/Frameworks",
					"@loader_path/Frameworks",
				);
				PRODUCT_BUNDLE_IDENTIFIER = co.aldrich.Shapr3DFileConverter;
				PRODUCT_NAME = "$(TARGET_NAME:c99extidentifier)";
				SKIP_INSTALL = YES;
				SUPPORTS_MACCATALYST = NO;
				SWIFT_VERSION = 5.0;
				TARGETED_DEVICE_FAMILY = 2;
			};
			name = Release;
		};
		BECD0ACD24B9B3E000E51BA6 /* Debug */ = {
			isa = XCBuildConfiguration;
			buildSettings = {
				ALWAYS_EMBED_SWIFT_STANDARD_LIBRARIES = YES;
				CODE_SIGN_STYLE = Automatic;
				INFOPLIST_FILE = Shapr3DFileConverterTests/Info.plist;
				LD_RUNPATH_SEARCH_PATHS = (
					"$(inherited)",
					"@executable_path/Frameworks",
					"@loader_path/Frameworks",
				);
				PRODUCT_BUNDLE_IDENTIFIER = co.aldrich.Shapr3DFileConverterTests;
				PRODUCT_NAME = "$(TARGET_NAME)";
				SWIFT_VERSION = 5.0;
				TARGETED_DEVICE_FAMILY = "1,2";
			};
			name = Debug;
		};
		BECD0ACE24B9B3E000E51BA6 /* Release */ = {
			isa = XCBuildConfiguration;
			buildSettings = {
				ALWAYS_EMBED_SWIFT_STANDARD_LIBRARIES = YES;
				CODE_SIGN_STYLE = Automatic;
				INFOPLIST_FILE = Shapr3DFileConverterTests/Info.plist;
				LD_RUNPATH_SEARCH_PATHS = (
					"$(inherited)",
					"@executable_path/Frameworks",
					"@loader_path/Frameworks",
				);
				PRODUCT_BUNDLE_IDENTIFIER = co.aldrich.Shapr3DFileConverterTests;
				PRODUCT_NAME = "$(TARGET_NAME)";
				SWIFT_VERSION = 5.0;
				TARGETED_DEVICE_FAMILY = "1,2";
			};
			name = Release;
		};
		BECD0AEF24B9BB2E00E51BA6 /* Debug */ = {
			isa = XCBuildConfiguration;
			baseConfigurationReference = 3DE4884A136EAD94FF87DEF0 /* Pods-Shapr3DFileConverterExample.debug.xcconfig */;
			buildSettings = {
				ASSETCATALOG_COMPILER_APPICON_NAME = AppIcon;
				CODE_SIGN_STYLE = Automatic;
				INFOPLIST_FILE = Shapr3DFileConverterExample/Info.plist;
				LD_RUNPATH_SEARCH_PATHS = (
					"$(inherited)",
					"@executable_path/Frameworks",
				);
				PRODUCT_BUNDLE_IDENTIFIER = co.aldrich.Shapr3DFileConverterExample;
				PRODUCT_NAME = "$(TARGET_NAME)";
				SWIFT_VERSION = 5.0;
				TARGETED_DEVICE_FAMILY = 2;
			};
			name = Debug;
		};
		BECD0AF024B9BB2E00E51BA6 /* Release */ = {
			isa = XCBuildConfiguration;
			baseConfigurationReference = C655D132614495343BD22412 /* Pods-Shapr3DFileConverterExample.release.xcconfig */;
			buildSettings = {
				ASSETCATALOG_COMPILER_APPICON_NAME = AppIcon;
				CODE_SIGN_STYLE = Automatic;
				INFOPLIST_FILE = Shapr3DFileConverterExample/Info.plist;
				LD_RUNPATH_SEARCH_PATHS = (
					"$(inherited)",
					"@executable_path/Frameworks",
				);
				PRODUCT_BUNDLE_IDENTIFIER = co.aldrich.Shapr3DFileConverterExample;
				PRODUCT_NAME = "$(TARGET_NAME)";
				SWIFT_VERSION = 5.0;
				TARGETED_DEVICE_FAMILY = 2;
			};
			name = Release;
		};
/* End XCBuildConfiguration section */

/* Begin XCConfigurationList section */
		BECD0AAF24B9B3E000E51BA6 /* Build configuration list for PBXProject "Shapr3DFileConverter" */ = {
			isa = XCConfigurationList;
			buildConfigurations = (
				BECD0AC724B9B3E000E51BA6 /* Debug */,
				BECD0AC824B9B3E000E51BA6 /* Release */,
			);
			defaultConfigurationIsVisible = 0;
			defaultConfigurationName = Release;
		};
		BECD0AC924B9B3E000E51BA6 /* Build configuration list for PBXNativeTarget "Shapr3DFileConverter" */ = {
			isa = XCConfigurationList;
			buildConfigurations = (
				BECD0ACA24B9B3E000E51BA6 /* Debug */,
				BECD0ACB24B9B3E000E51BA6 /* Release */,
			);
			defaultConfigurationIsVisible = 0;
			defaultConfigurationName = Release;
		};
		BECD0ACC24B9B3E000E51BA6 /* Build configuration list for PBXNativeTarget "Shapr3DFileConverterTests" */ = {
			isa = XCConfigurationList;
			buildConfigurations = (
				BECD0ACD24B9B3E000E51BA6 /* Debug */,
				BECD0ACE24B9B3E000E51BA6 /* Release */,
			);
			defaultConfigurationIsVisible = 0;
			defaultConfigurationName = Release;
		};
		BECD0AF124B9BB2E00E51BA6 /* Build configuration list for PBXNativeTarget "Shapr3DFileConverterExample" */ = {
			isa = XCConfigurationList;
			buildConfigurations = (
				BECD0AEF24B9BB2E00E51BA6 /* Debug */,
				BECD0AF024B9BB2E00E51BA6 /* Release */,
			);
			defaultConfigurationIsVisible = 0;
			defaultConfigurationName = Release;
		};
/* End XCConfigurationList section */

/* Begin XCVersionGroup section */
		BECD0AFD24B9BC6100E51BA6 /* Shaper3DImport.xcdatamodeld */ = {
			isa = XCVersionGroup;
			children = (
				BECD0AFE24B9BC6100E51BA6 /* Shaper3DImport.xcdatamodel */,
			);
			currentVersion = BECD0AFE24B9BC6100E51BA6 /* Shaper3DImport.xcdatamodel */;
			path = Shaper3DImport.xcdatamodeld;
			sourceTree = "<group>";
			versionGroupType = wrapper.xcdatamodel;
		};
/* End XCVersionGroup section */
	};
	rootObject = BECD0AAC24B9B3E000E51BA6 /* Project object */;
}
